// !$*UTF8*$!
{
	archiveVersion = 1;
	classes = {
	};
	objectVersion = 56;
	objects = {

/* Begin PBXBuildFile section */
		6F027BF12AB320B300335ADF /* ReportsAnalyticsModel.swift in Sources */ = {isa = PBXBuildFile; fileRef = 6F027BF02AB320B300335ADF /* ReportsAnalyticsModel.swift */; };
		6F027BF22AB320B300335ADF /* ReportsAnalyticsModel.swift in Sources */ = {isa = PBXBuildFile; fileRef = 6F027BF02AB320B300335ADF /* ReportsAnalyticsModel.swift */; };
		6F027BF32AB320B300335ADF /* ReportsAnalyticsModel.swift in Sources */ = {isa = PBXBuildFile; fileRef = 6F027BF02AB320B300335ADF /* ReportsAnalyticsModel.swift */; };
		6F027BF62AB3213100335ADF /* ReportsAnalyticsViewModel.swift in Sources */ = {isa = PBXBuildFile; fileRef = 6F027BF52AB3213100335ADF /* ReportsAnalyticsViewModel.swift */; };
		6F027BF72AB3213100335ADF /* ReportsAnalyticsViewModel.swift in Sources */ = {isa = PBXBuildFile; fileRef = 6F027BF52AB3213100335ADF /* ReportsAnalyticsViewModel.swift */; };
		6F027BF82AB3213100335ADF /* ReportsAnalyticsViewModel.swift in Sources */ = {isa = PBXBuildFile; fileRef = 6F027BF52AB3213100335ADF /* ReportsAnalyticsViewModel.swift */; };
		6F027BFB2AB3221A00335ADF /* ReportsAnalyticsView.swift in Sources */ = {isa = PBXBuildFile; fileRef = 6F027BFA2AB3221A00335ADF /* ReportsAnalyticsView.swift */; };
		6F027BFC2AB3221A00335ADF /* ReportsAnalyticsView.swift in Sources */ = {isa = PBXBuildFile; fileRef = 6F027BFA2AB3221A00335ADF /* ReportsAnalyticsView.swift */; };
		6F027BFD2AB3221A00335ADF /* ReportsAnalyticsView.swift in Sources */ = {isa = PBXBuildFile; fileRef = 6F027BFA2AB3221A00335ADF /* ReportsAnalyticsView.swift */; };
		6F027C002AB367D800335ADF /* DashboardModel.swift in Sources */ = {isa = PBXBuildFile; fileRef = 6F027BFF2AB367D800335ADF /* DashboardModel.swift */; };
		6F027C012AB367D800335ADF /* DashboardModel.swift in Sources */ = {isa = PBXBuildFile; fileRef = 6F027BFF2AB367D800335ADF /* DashboardModel.swift */; };
		6F027C022AB367D800335ADF /* DashboardModel.swift in Sources */ = {isa = PBXBuildFile; fileRef = 6F027BFF2AB367D800335ADF /* DashboardModel.swift */; };
		6F027C062AB3689A00335ADF /* DashboardViewModel.swift in Sources */ = {isa = PBXBuildFile; fileRef = 6F027C052AB3689A00335ADF /* DashboardViewModel.swift */; };
		6F027C072AB3689A00335ADF /* DashboardViewModel.swift in Sources */ = {isa = PBXBuildFile; fileRef = 6F027C052AB3689A00335ADF /* DashboardViewModel.swift */; };
		6F027C082AB3689A00335ADF /* DashboardViewModel.swift in Sources */ = {isa = PBXBuildFile; fileRef = 6F027C052AB3689A00335ADF /* DashboardViewModel.swift */; };
		6F027C0C2AB3697200335ADF /* SidebarView.swift in Sources */ = {isa = PBXBuildFile; fileRef = 6F027C0B2AB3697200335ADF /* SidebarView.swift */; };
		6F027C0D2AB3697200335ADF /* SidebarView.swift in Sources */ = {isa = PBXBuildFile; fileRef = 6F027C0B2AB3697200335ADF /* SidebarView.swift */; };
		6F027C0E2AB3697200335ADF /* SidebarView.swift in Sources */ = {isa = PBXBuildFile; fileRef = 6F027C0B2AB3697200335ADF /* SidebarView.swift */; };
		6F027C102AB36A1200335ADF /* DashboardView.swift in Sources */ = {isa = PBXBuildFile; fileRef = 6F027C0F2AB36A1200335ADF /* DashboardView.swift */; };
		6F027C112AB36A1200335ADF /* DashboardView.swift in Sources */ = {isa = PBXBuildFile; fileRef = 6F027C0F2AB36A1200335ADF /* DashboardView.swift */; };
		6F027C122AB36A1200335ADF /* DashboardView.swift in Sources */ = {isa = PBXBuildFile; fileRef = 6F027C0F2AB36A1200335ADF /* DashboardView.swift */; };
		6F027C142AB36BCC00335ADF /* DashboardCard.swift in Sources */ = {isa = PBXBuildFile; fileRef = 6F027C132AB36BCC00335ADF /* DashboardCard.swift */; };
		6F027C152AB36BCC00335ADF /* DashboardCard.swift in Sources */ = {isa = PBXBuildFile; fileRef = 6F027C132AB36BCC00335ADF /* DashboardCard.swift */; };
		6F027C162AB36BCC00335ADF /* DashboardCard.swift in Sources */ = {isa = PBXBuildFile; fileRef = 6F027C132AB36BCC00335ADF /* DashboardCard.swift */; };
		6F7A568D2AAE2E1D00A6EA83 /* LoginModel.swift in Sources */ = {isa = PBXBuildFile; fileRef = 6F7A568C2AAE2E1D00A6EA83 /* LoginModel.swift */; };
		6F7A568E2AAE2E1D00A6EA83 /* LoginModel.swift in Sources */ = {isa = PBXBuildFile; fileRef = 6F7A568C2AAE2E1D00A6EA83 /* LoginModel.swift */; };
		6F7A568F2AAE2E1D00A6EA83 /* LoginModel.swift in Sources */ = {isa = PBXBuildFile; fileRef = 6F7A568C2AAE2E1D00A6EA83 /* LoginModel.swift */; };
		6F7A56922AAE2EB200A6EA83 /* LoginViewModel.swift in Sources */ = {isa = PBXBuildFile; fileRef = 6F7A56912AAE2EB200A6EA83 /* LoginViewModel.swift */; };
		6F7A56932AAE2EB200A6EA83 /* LoginViewModel.swift in Sources */ = {isa = PBXBuildFile; fileRef = 6F7A56912AAE2EB200A6EA83 /* LoginViewModel.swift */; };
		6F7A56942AAE2EB200A6EA83 /* LoginViewModel.swift in Sources */ = {isa = PBXBuildFile; fileRef = 6F7A56912AAE2EB200A6EA83 /* LoginViewModel.swift */; };
		6F7A56972AAE2F4E00A6EA83 /* LoginView.swift in Sources */ = {isa = PBXBuildFile; fileRef = 6F7A56962AAE2F4E00A6EA83 /* LoginView.swift */; };
		6F7A56982AAE2F4E00A6EA83 /* LoginView.swift in Sources */ = {isa = PBXBuildFile; fileRef = 6F7A56962AAE2F4E00A6EA83 /* LoginView.swift */; };
		6F7A56992AAE2F4E00A6EA83 /* LoginView.swift in Sources */ = {isa = PBXBuildFile; fileRef = 6F7A56962AAE2F4E00A6EA83 /* LoginView.swift */; };
		6F7A569D2AAE44BB00A6EA83 /* ExpenseTrackingModel.swift in Sources */ = {isa = PBXBuildFile; fileRef = 6F7A569C2AAE44BB00A6EA83 /* ExpenseTrackingModel.swift */; };
		6F7A569E2AAE44BB00A6EA83 /* ExpenseTrackingModel.swift in Sources */ = {isa = PBXBuildFile; fileRef = 6F7A569C2AAE44BB00A6EA83 /* ExpenseTrackingModel.swift */; };
		6F7A569F2AAE44BB00A6EA83 /* ExpenseTrackingModel.swift in Sources */ = {isa = PBXBuildFile; fileRef = 6F7A569C2AAE44BB00A6EA83 /* ExpenseTrackingModel.swift */; };
		6F7A56A22AAE45AB00A6EA83 /* ExpenseTrackingViewModel.swift in Sources */ = {isa = PBXBuildFile; fileRef = 6F7A56A12AAE45AB00A6EA83 /* ExpenseTrackingViewModel.swift */; };
		6F7A56A32AAE45AB00A6EA83 /* ExpenseTrackingViewModel.swift in Sources */ = {isa = PBXBuildFile; fileRef = 6F7A56A12AAE45AB00A6EA83 /* ExpenseTrackingViewModel.swift */; };
		6F7A56A42AAE45AB00A6EA83 /* ExpenseTrackingViewModel.swift in Sources */ = {isa = PBXBuildFile; fileRef = 6F7A56A12AAE45AB00A6EA83 /* ExpenseTrackingViewModel.swift */; };
		6F7A56A72AAE46A600A6EA83 /* ExpenseTrackingView.swift in Sources */ = {isa = PBXBuildFile; fileRef = 6F7A56A62AAE46A600A6EA83 /* ExpenseTrackingView.swift */; };
		6F7A56A82AAE46A600A6EA83 /* ExpenseTrackingView.swift in Sources */ = {isa = PBXBuildFile; fileRef = 6F7A56A62AAE46A600A6EA83 /* ExpenseTrackingView.swift */; };
		6F7A56A92AAE46A600A6EA83 /* ExpenseTrackingView.swift in Sources */ = {isa = PBXBuildFile; fileRef = 6F7A56A62AAE46A600A6EA83 /* ExpenseTrackingView.swift */; };
		6F92B2C62AAB593600828BC8 /* RegistrationViewModel.swift in Sources */ = {isa = PBXBuildFile; fileRef = 6F92B2C52AAB593600828BC8 /* RegistrationViewModel.swift */; };
		6F92B2C72AAB593600828BC8 /* RegistrationViewModel.swift in Sources */ = {isa = PBXBuildFile; fileRef = 6F92B2C52AAB593600828BC8 /* RegistrationViewModel.swift */; };
		6F92B2C82AAB593600828BC8 /* RegistrationViewModel.swift in Sources */ = {isa = PBXBuildFile; fileRef = 6F92B2C52AAB593600828BC8 /* RegistrationViewModel.swift */; };
		6F92B2CB2AAB599600828BC8 /* RegistrationView.swift in Sources */ = {isa = PBXBuildFile; fileRef = 6F92B2CA2AAB599600828BC8 /* RegistrationView.swift */; };
		6F92B2CC2AAB599600828BC8 /* RegistrationView.swift in Sources */ = {isa = PBXBuildFile; fileRef = 6F92B2CA2AAB599600828BC8 /* RegistrationView.swift */; };
		6F92B2CD2AAB599600828BC8 /* RegistrationView.swift in Sources */ = {isa = PBXBuildFile; fileRef = 6F92B2CA2AAB599600828BC8 /* RegistrationView.swift */; };
		6F92B2D42AAB5BBE00828BC8 /* RegistrationModel.swift in Sources */ = {isa = PBXBuildFile; fileRef = 6F92B2D32AAB5BBE00828BC8 /* RegistrationModel.swift */; };
		6F92B2D52AAB5BBE00828BC8 /* RegistrationModel.swift in Sources */ = {isa = PBXBuildFile; fileRef = 6F92B2D32AAB5BBE00828BC8 /* RegistrationModel.swift */; };
		6F92B2D62AAB5BBE00828BC8 /* RegistrationModel.swift in Sources */ = {isa = PBXBuildFile; fileRef = 6F92B2D32AAB5BBE00828BC8 /* RegistrationModel.swift */; };
		6FBF313A2AB0DEF100C6EEAE /* BudgetingModel.swift in Sources */ = {isa = PBXBuildFile; fileRef = 6FBF31392AB0DEF100C6EEAE /* BudgetingModel.swift */; };
		6FBF313B2AB0DEF100C6EEAE /* BudgetingModel.swift in Sources */ = {isa = PBXBuildFile; fileRef = 6FBF31392AB0DEF100C6EEAE /* BudgetingModel.swift */; };
		6FBF313C2AB0DEF100C6EEAE /* BudgetingModel.swift in Sources */ = {isa = PBXBuildFile; fileRef = 6FBF31392AB0DEF100C6EEAE /* BudgetingModel.swift */; };
		6FBF313F2AB0DF9300C6EEAE /* BudgetingViewModel.swift in Sources */ = {isa = PBXBuildFile; fileRef = 6FBF313E2AB0DF9300C6EEAE /* BudgetingViewModel.swift */; };
		6FBF31402AB0DF9300C6EEAE /* BudgetingViewModel.swift in Sources */ = {isa = PBXBuildFile; fileRef = 6FBF313E2AB0DF9300C6EEAE /* BudgetingViewModel.swift */; };
		6FBF31412AB0DF9300C6EEAE /* BudgetingViewModel.swift in Sources */ = {isa = PBXBuildFile; fileRef = 6FBF313E2AB0DF9300C6EEAE /* BudgetingViewModel.swift */; };
		6FBF31442AB0E0AA00C6EEAE /* BudgetingView.swift in Sources */ = {isa = PBXBuildFile; fileRef = 6FBF31432AB0E0AA00C6EEAE /* BudgetingView.swift */; };
		6FBF31452AB0E0AA00C6EEAE /* BudgetingView.swift in Sources */ = {isa = PBXBuildFile; fileRef = 6FBF31432AB0E0AA00C6EEAE /* BudgetingView.swift */; };
		6FBF31462AB0E0AA00C6EEAE /* BudgetingView.swift in Sources */ = {isa = PBXBuildFile; fileRef = 6FBF31432AB0E0AA00C6EEAE /* BudgetingView.swift */; };
		6FBF31482AB0E13200C6EEAE /* BudgetCategoryRow.swift in Sources */ = {isa = PBXBuildFile; fileRef = 6FBF31472AB0E13200C6EEAE /* BudgetCategoryRow.swift */; };
		6FBF31492AB0E13200C6EEAE /* BudgetCategoryRow.swift in Sources */ = {isa = PBXBuildFile; fileRef = 6FBF31472AB0E13200C6EEAE /* BudgetCategoryRow.swift */; };
		6FBF314A2AB0E13200C6EEAE /* BudgetCategoryRow.swift in Sources */ = {isa = PBXBuildFile; fileRef = 6FBF31472AB0E13200C6EEAE /* BudgetCategoryRow.swift */; };
		6FD1FF772AA3618B009DDBF8 /* Expenses_Tracking_AppApp.swift in Sources */ = {isa = PBXBuildFile; fileRef = 6FD1FF762AA3618B009DDBF8 /* Expenses_Tracking_AppApp.swift */; };
		6FD1FF792AA3618B009DDBF8 /* ContentView.swift in Sources */ = {isa = PBXBuildFile; fileRef = 6FD1FF782AA3618B009DDBF8 /* ContentView.swift */; };
		6FD1FF7B2AA3618D009DDBF8 /* Assets.xcassets in Resources */ = {isa = PBXBuildFile; fileRef = 6FD1FF7A2AA3618D009DDBF8 /* Assets.xcassets */; };
		6FD1FF7E2AA3618D009DDBF8 /* Preview Assets.xcassets in Resources */ = {isa = PBXBuildFile; fileRef = 6FD1FF7D2AA3618D009DDBF8 /* Preview Assets.xcassets */; };
		6FD1FF882AA3618D009DDBF8 /* Expenses_Tracking_AppTests.swift in Sources */ = {isa = PBXBuildFile; fileRef = 6FD1FF872AA3618D009DDBF8 /* Expenses_Tracking_AppTests.swift */; };
		6FD1FF922AA3618D009DDBF8 /* Expenses_Tracking_AppUITests.swift in Sources */ = {isa = PBXBuildFile; fileRef = 6FD1FF912AA3618D009DDBF8 /* Expenses_Tracking_AppUITests.swift */; };
		6FD1FF942AA3618D009DDBF8 /* Expenses_Tracking_AppUITestsLaunchTests.swift in Sources */ = {isa = PBXBuildFile; fileRef = 6FD1FF932AA3618D009DDBF8 /* Expenses_Tracking_AppUITestsLaunchTests.swift */; };
/* End PBXBuildFile section */

/* Begin PBXContainerItemProxy section */
		6FD1FF842AA3618D009DDBF8 /* PBXContainerItemProxy */ = {
			isa = PBXContainerItemProxy;
			containerPortal = 6FD1FF6B2AA3618B009DDBF8 /* Project object */;
			proxyType = 1;
			remoteGlobalIDString = 6FD1FF722AA3618B009DDBF8;
			remoteInfo = "Expenses Tracking App";
		};
		6FD1FF8E2AA3618D009DDBF8 /* PBXContainerItemProxy */ = {
			isa = PBXContainerItemProxy;
			containerPortal = 6FD1FF6B2AA3618B009DDBF8 /* Project object */;
			proxyType = 1;
			remoteGlobalIDString = 6FD1FF722AA3618B009DDBF8;
			remoteInfo = "Expenses Tracking App";
		};
/* End PBXContainerItemProxy section */

/* Begin PBXFileReference section */
		6F027BF02AB320B300335ADF /* ReportsAnalyticsModel.swift */ = {isa = PBXFileReference; lastKnownFileType = sourcecode.swift; path = ReportsAnalyticsModel.swift; sourceTree = "<group>"; };
		6F027BF52AB3213100335ADF /* ReportsAnalyticsViewModel.swift */ = {isa = PBXFileReference; lastKnownFileType = sourcecode.swift; path = ReportsAnalyticsViewModel.swift; sourceTree = "<group>"; };
		6F027BFA2AB3221A00335ADF /* ReportsAnalyticsView.swift */ = {isa = PBXFileReference; lastKnownFileType = sourcecode.swift; path = ReportsAnalyticsView.swift; sourceTree = "<group>"; };
		6F027BFF2AB367D800335ADF /* DashboardModel.swift */ = {isa = PBXFileReference; lastKnownFileType = sourcecode.swift; path = DashboardModel.swift; sourceTree = "<group>"; };
		6F027C052AB3689A00335ADF /* DashboardViewModel.swift */ = {isa = PBXFileReference; lastKnownFileType = sourcecode.swift; path = DashboardViewModel.swift; sourceTree = "<group>"; };
		6F027C0B2AB3697200335ADF /* SidebarView.swift */ = {isa = PBXFileReference; lastKnownFileType = sourcecode.swift; path = SidebarView.swift; sourceTree = "<group>"; };
		6F027C0F2AB36A1200335ADF /* DashboardView.swift */ = {isa = PBXFileReference; lastKnownFileType = sourcecode.swift; path = DashboardView.swift; sourceTree = "<group>"; };
		6F027C132AB36BCC00335ADF /* DashboardCard.swift */ = {isa = PBXFileReference; lastKnownFileType = sourcecode.swift; path = DashboardCard.swift; sourceTree = "<group>"; };
		6F7A568C2AAE2E1D00A6EA83 /* LoginModel.swift */ = {isa = PBXFileReference; lastKnownFileType = sourcecode.swift; path = LoginModel.swift; sourceTree = "<group>"; };
		6F7A56912AAE2EB200A6EA83 /* LoginViewModel.swift */ = {isa = PBXFileReference; lastKnownFileType = sourcecode.swift; path = LoginViewModel.swift; sourceTree = "<group>"; };
		6F7A56962AAE2F4E00A6EA83 /* LoginView.swift */ = {isa = PBXFileReference; lastKnownFileType = sourcecode.swift; path = LoginView.swift; sourceTree = "<group>"; };
		6F7A569C2AAE44BB00A6EA83 /* ExpenseTrackingModel.swift */ = {isa = PBXFileReference; lastKnownFileType = sourcecode.swift; path = ExpenseTrackingModel.swift; sourceTree = "<group>"; };
		6F7A56A12AAE45AB00A6EA83 /* ExpenseTrackingViewModel.swift */ = {isa = PBXFileReference; lastKnownFileType = sourcecode.swift; path = ExpenseTrackingViewModel.swift; sourceTree = "<group>"; };
		6F7A56A62AAE46A600A6EA83 /* ExpenseTrackingView.swift */ = {isa = PBXFileReference; lastKnownFileType = sourcecode.swift; path = ExpenseTrackingView.swift; sourceTree = "<group>"; };
		6F92B2C52AAB593600828BC8 /* RegistrationViewModel.swift */ = {isa = PBXFileReference; lastKnownFileType = sourcecode.swift; path = RegistrationViewModel.swift; sourceTree = "<group>"; };
		6F92B2CA2AAB599600828BC8 /* RegistrationView.swift */ = {isa = PBXFileReference; lastKnownFileType = sourcecode.swift; path = RegistrationView.swift; sourceTree = "<group>"; };
		6F92B2D32AAB5BBE00828BC8 /* RegistrationModel.swift */ = {isa = PBXFileReference; lastKnownFileType = sourcecode.swift; path = RegistrationModel.swift; sourceTree = "<group>"; };
		6FBF31392AB0DEF100C6EEAE /* BudgetingModel.swift */ = {isa = PBXFileReference; lastKnownFileType = sourcecode.swift; path = BudgetingModel.swift; sourceTree = "<group>"; };
		6FBF313E2AB0DF9300C6EEAE /* BudgetingViewModel.swift */ = {isa = PBXFileReference; lastKnownFileType = sourcecode.swift; path = BudgetingViewModel.swift; sourceTree = "<group>"; };
		6FBF31432AB0E0AA00C6EEAE /* BudgetingView.swift */ = {isa = PBXFileReference; lastKnownFileType = sourcecode.swift; path = BudgetingView.swift; sourceTree = "<group>"; };
		6FBF31472AB0E13200C6EEAE /* BudgetCategoryRow.swift */ = {isa = PBXFileReference; lastKnownFileType = sourcecode.swift; path = BudgetCategoryRow.swift; sourceTree = "<group>"; };
		6FD1FF732AA3618B009DDBF8 /* Expenses Tracking App.app */ = {isa = PBXFileReference; explicitFileType = wrapper.application; includeInIndex = 0; path = "Expenses Tracking App.app"; sourceTree = BUILT_PRODUCTS_DIR; };
		6FD1FF762AA3618B009DDBF8 /* Expenses_Tracking_AppApp.swift */ = {isa = PBXFileReference; lastKnownFileType = sourcecode.swift; path = Expenses_Tracking_AppApp.swift; sourceTree = "<group>"; };
		6FD1FF782AA3618B009DDBF8 /* ContentView.swift */ = {isa = PBXFileReference; lastKnownFileType = sourcecode.swift; path = ContentView.swift; sourceTree = "<group>"; };
		6FD1FF7A2AA3618D009DDBF8 /* Assets.xcassets */ = {isa = PBXFileReference; lastKnownFileType = folder.assetcatalog; path = Assets.xcassets; sourceTree = "<group>"; };
		6FD1FF7D2AA3618D009DDBF8 /* Preview Assets.xcassets */ = {isa = PBXFileReference; lastKnownFileType = folder.assetcatalog; path = "Preview Assets.xcassets"; sourceTree = "<group>"; };
		6FD1FF832AA3618D009DDBF8 /* Expenses Tracking AppTests.xctest */ = {isa = PBXFileReference; explicitFileType = wrapper.cfbundle; includeInIndex = 0; path = "Expenses Tracking AppTests.xctest"; sourceTree = BUILT_PRODUCTS_DIR; };
		6FD1FF872AA3618D009DDBF8 /* Expenses_Tracking_AppTests.swift */ = {isa = PBXFileReference; lastKnownFileType = sourcecode.swift; path = Expenses_Tracking_AppTests.swift; sourceTree = "<group>"; };
		6FD1FF8D2AA3618D009DDBF8 /* Expenses Tracking AppUITests.xctest */ = {isa = PBXFileReference; explicitFileType = wrapper.cfbundle; includeInIndex = 0; path = "Expenses Tracking AppUITests.xctest"; sourceTree = BUILT_PRODUCTS_DIR; };
		6FD1FF912AA3618D009DDBF8 /* Expenses_Tracking_AppUITests.swift */ = {isa = PBXFileReference; lastKnownFileType = sourcecode.swift; path = Expenses_Tracking_AppUITests.swift; sourceTree = "<group>"; };
		6FD1FF932AA3618D009DDBF8 /* Expenses_Tracking_AppUITestsLaunchTests.swift */ = {isa = PBXFileReference; lastKnownFileType = sourcecode.swift; path = Expenses_Tracking_AppUITestsLaunchTests.swift; sourceTree = "<group>"; };
/* End PBXFileReference section */

/* Begin PBXFrameworksBuildPhase section */
		6FD1FF702AA3618B009DDBF8 /* Frameworks */ = {
			isa = PBXFrameworksBuildPhase;
			buildActionMask = 2147483647;
			files = (
			);
			runOnlyForDeploymentPostprocessing = 0;
		};
		6FD1FF802AA3618D009DDBF8 /* Frameworks */ = {
			isa = PBXFrameworksBuildPhase;
			buildActionMask = 2147483647;
			files = (
			);
			runOnlyForDeploymentPostprocessing = 0;
		};
		6FD1FF8A2AA3618D009DDBF8 /* Frameworks */ = {
			isa = PBXFrameworksBuildPhase;
			buildActionMask = 2147483647;
			files = (
			);
			runOnlyForDeploymentPostprocessing = 0;
		};
/* End PBXFrameworksBuildPhase section */

/* Begin PBXGroup section */
		6F027BEF2AB3207200335ADF /* ReportsAnalytics */ = {
			isa = PBXGroup;
			children = (
				6F027BF02AB320B300335ADF /* ReportsAnalyticsModel.swift */,
			);
			path = ReportsAnalytics;
			sourceTree = "<group>";
		};
		6F027BF42AB3210900335ADF /* ReportsAnalytics */ = {
			isa = PBXGroup;
			children = (
				6F027BF52AB3213100335ADF /* ReportsAnalyticsViewModel.swift */,
			);
			path = ReportsAnalytics;
			sourceTree = "<group>";
		};
		6F027BF92AB321DF00335ADF /* ReportsAnalytics */ = {
			isa = PBXGroup;
			children = (
				6F027BFA2AB3221A00335ADF /* ReportsAnalyticsView.swift */,
			);
			path = ReportsAnalytics;
			sourceTree = "<group>";
		};
		6F027BFE2AB367BB00335ADF /* Dashboard */ = {
			isa = PBXGroup;
			children = (
				6F027BFF2AB367D800335ADF /* DashboardModel.swift */,
			);
			path = Dashboard;
			sourceTree = "<group>";
		};
		6F027C042AB3687500335ADF /* Dashboard */ = {
			isa = PBXGroup;
			children = (
				6F027C052AB3689A00335ADF /* DashboardViewModel.swift */,
			);
			path = Dashboard;
			sourceTree = "<group>";
		};
		6F027C092AB3692C00335ADF /* Dashboard */ = {
			isa = PBXGroup;
			children = (
				6F027C0F2AB36A1200335ADF /* DashboardView.swift */,
				6F027C132AB36BCC00335ADF /* DashboardCard.swift */,
			);
			path = Dashboard;
			sourceTree = "<group>";
		};
		6F027C0A2AB3694D00335ADF /* Sidebar */ = {
			isa = PBXGroup;
			children = (
				6F027C0B2AB3697200335ADF /* SidebarView.swift */,
			);
			path = Sidebar;
			sourceTree = "<group>";
		};
		6F7A568B2AAE2E0200A6EA83 /* Login */ = {
			isa = PBXGroup;
			children = (
				6F7A568C2AAE2E1D00A6EA83 /* LoginModel.swift */,
			);
			path = Login;
			sourceTree = "<group>";
		};
		6F7A56902AAE2E9B00A6EA83 /* Login */ = {
			isa = PBXGroup;
			children = (
				6F7A56912AAE2EB200A6EA83 /* LoginViewModel.swift */,
			);
			path = Login;
			sourceTree = "<group>";
		};
		6F7A56952AAE2F3600A6EA83 /* Login */ = {
			isa = PBXGroup;
			children = (
				6F7A56962AAE2F4E00A6EA83 /* LoginView.swift */,
			);
			path = Login;
			sourceTree = "<group>";
		};
		6F7A569B2AAE449A00A6EA83 /* ExpenseTracking */ = {
			isa = PBXGroup;
			children = (
				6F7A569C2AAE44BB00A6EA83 /* ExpenseTrackingModel.swift */,
			);
			path = ExpenseTracking;
			sourceTree = "<group>";
		};
		6F7A56A02AAE457900A6EA83 /* ExpenseTracking */ = {
			isa = PBXGroup;
			children = (
				6F7A56A12AAE45AB00A6EA83 /* ExpenseTrackingViewModel.swift */,
			);
			path = ExpenseTracking;
			sourceTree = "<group>";
		};
		6F7A56A52AAE467E00A6EA83 /* ExpenseTracking */ = {
			isa = PBXGroup;
			children = (
				6F7A56A62AAE46A600A6EA83 /* ExpenseTrackingView.swift */,
			);
			path = ExpenseTracking;
			sourceTree = "<group>";
		};
		6F92B2C12AAB585200828BC8 /* ViewModels */ = {
			isa = PBXGroup;
			children = (
				6F027C042AB3687500335ADF /* Dashboard */,
				6F027BF42AB3210900335ADF /* ReportsAnalytics */,
				6FBF313D2AB0DF7300C6EEAE /* Budgeting */,
				6F7A56A02AAE457900A6EA83 /* ExpenseTracking */,
				6F7A56902AAE2E9B00A6EA83 /* Login */,
				6F92B2C42AAB58AD00828BC8 /* Registration */,
			);
			path = ViewModels;
			sourceTree = "<group>";
		};
		6F92B2C22AAB586000828BC8 /* Views */ = {
			isa = PBXGroup;
			children = (
				6F027C0A2AB3694D00335ADF /* Sidebar */,
				6F027C092AB3692C00335ADF /* Dashboard */,
				6F027BF92AB321DF00335ADF /* ReportsAnalytics */,
				6FBF31422AB0E08D00C6EEAE /* Budgeting */,
				6F7A56A52AAE467E00A6EA83 /* ExpenseTracking */,
				6F7A56952AAE2F3600A6EA83 /* Login */,
				6F92B2C92AAB596100828BC8 /* Registration */,
			);
			path = Views;
			sourceTree = "<group>";
		};
		6F92B2C32AAB586B00828BC8 /* Models */ = {
			isa = PBXGroup;
			children = (
				6F027BFE2AB367BB00335ADF /* Dashboard */,
				6F027BEF2AB3207200335ADF /* ReportsAnalytics */,
				6FBF31382AB0DECA00C6EEAE /* Budgeting */,
				6F7A569B2AAE449A00A6EA83 /* ExpenseTracking */,
				6F7A568B2AAE2E0200A6EA83 /* Login */,
				6F92B2CE2AAB59E300828BC8 /* Registration */,
			);
			path = Models;
			sourceTree = "<group>";
		};
		6F92B2C42AAB58AD00828BC8 /* Registration */ = {
			isa = PBXGroup;
			children = (
				6F92B2C52AAB593600828BC8 /* RegistrationViewModel.swift */,
			);
			path = Registration;
			sourceTree = "<group>";
		};
		6F92B2C92AAB596100828BC8 /* Registration */ = {
			isa = PBXGroup;
			children = (
				6F92B2CA2AAB599600828BC8 /* RegistrationView.swift */,
			);
			path = Registration;
			sourceTree = "<group>";
		};
		6F92B2CE2AAB59E300828BC8 /* Registration */ = {
			isa = PBXGroup;
			children = (
				6F92B2D32AAB5BBE00828BC8 /* RegistrationModel.swift */,
			);
			path = Registration;
			sourceTree = "<group>";
		};
		6FBF31382AB0DECA00C6EEAE /* Budgeting */ = {
			isa = PBXGroup;
			children = (
				6FBF31392AB0DEF100C6EEAE /* BudgetingModel.swift */,
			);
			path = Budgeting;
			sourceTree = "<group>";
		};
		6FBF313D2AB0DF7300C6EEAE /* Budgeting */ = {
			isa = PBXGroup;
			children = (
				6FBF313E2AB0DF9300C6EEAE /* BudgetingViewModel.swift */,
			);
			path = Budgeting;
			sourceTree = "<group>";
		};
		6FBF31422AB0E08D00C6EEAE /* Budgeting */ = {
			isa = PBXGroup;
			children = (
				6FBF31432AB0E0AA00C6EEAE /* BudgetingView.swift */,
				6FBF31472AB0E13200C6EEAE /* BudgetCategoryRow.swift */,
			);
			path = Budgeting;
			sourceTree = "<group>";
		};
		6FD1FF6A2AA3618B009DDBF8 = {
			isa = PBXGroup;
			children = (
				6FD1FF752AA3618B009DDBF8 /* Expenses Tracking App */,
				6FD1FF862AA3618D009DDBF8 /* Expenses Tracking AppTests */,
				6FD1FF902AA3618D009DDBF8 /* Expenses Tracking AppUITests */,
				6FD1FF742AA3618B009DDBF8 /* Products */,
			);
			sourceTree = "<group>";
		};
		6FD1FF742AA3618B009DDBF8 /* Products */ = {
			isa = PBXGroup;
			children = (
				6FD1FF732AA3618B009DDBF8 /* Expenses Tracking App.app */,
				6FD1FF832AA3618D009DDBF8 /* Expenses Tracking AppTests.xctest */,
				6FD1FF8D2AA3618D009DDBF8 /* Expenses Tracking AppUITests.xctest */,
			);
			name = Products;
			sourceTree = "<group>";
		};
		6FD1FF752AA3618B009DDBF8 /* Expenses Tracking App */ = {
			isa = PBXGroup;
			children = (
				6F92B2C32AAB586B00828BC8 /* Models */,
				6F92B2C22AAB586000828BC8 /* Views */,
				6F92B2C12AAB585200828BC8 /* ViewModels */,
				6FD1FF762AA3618B009DDBF8 /* Expenses_Tracking_AppApp.swift */,
				6FD1FF782AA3618B009DDBF8 /* ContentView.swift */,
				6FD1FF7A2AA3618D009DDBF8 /* Assets.xcassets */,
				6FD1FF7C2AA3618D009DDBF8 /* Preview Content */,
			);
			path = "Expenses Tracking App";
			sourceTree = "<group>";
		};
		6FD1FF7C2AA3618D009DDBF8 /* Preview Content */ = {
			isa = PBXGroup;
			children = (
				6FD1FF7D2AA3618D009DDBF8 /* Preview Assets.xcassets */,
			);
			path = "Preview Content";
			sourceTree = "<group>";
		};
		6FD1FF862AA3618D009DDBF8 /* Expenses Tracking AppTests */ = {
			isa = PBXGroup;
			children = (
				6FD1FF872AA3618D009DDBF8 /* Expenses_Tracking_AppTests.swift */,
			);
			path = "Expenses Tracking AppTests";
			sourceTree = "<group>";
		};
		6FD1FF902AA3618D009DDBF8 /* Expenses Tracking AppUITests */ = {
			isa = PBXGroup;
			children = (
				6FD1FF912AA3618D009DDBF8 /* Expenses_Tracking_AppUITests.swift */,
				6FD1FF932AA3618D009DDBF8 /* Expenses_Tracking_AppUITestsLaunchTests.swift */,
			);
			path = "Expenses Tracking AppUITests";
			sourceTree = "<group>";
		};
/* End PBXGroup section */

/* Begin PBXNativeTarget section */
		6FD1FF722AA3618B009DDBF8 /* Expenses Tracking App */ = {
			isa = PBXNativeTarget;
			buildConfigurationList = 6FD1FF972AA3618D009DDBF8 /* Build configuration list for PBXNativeTarget "Expenses Tracking App" */;
			buildPhases = (
				6FD1FF6F2AA3618B009DDBF8 /* Sources */,
				6FD1FF702AA3618B009DDBF8 /* Frameworks */,
				6FD1FF712AA3618B009DDBF8 /* Resources */,
			);
			buildRules = (
			);
			dependencies = (
			);
			name = "Expenses Tracking App";
			productName = "Expenses Tracking App";
			productReference = 6FD1FF732AA3618B009DDBF8 /* Expenses Tracking App.app */;
			productType = "com.apple.product-type.application";
		};
		6FD1FF822AA3618D009DDBF8 /* Expenses Tracking AppTests */ = {
			isa = PBXNativeTarget;
			buildConfigurationList = 6FD1FF9A2AA3618D009DDBF8 /* Build configuration list for PBXNativeTarget "Expenses Tracking AppTests" */;
			buildPhases = (
				6FD1FF7F2AA3618D009DDBF8 /* Sources */,
				6FD1FF802AA3618D009DDBF8 /* Frameworks */,
				6FD1FF812AA3618D009DDBF8 /* Resources */,
			);
			buildRules = (
			);
			dependencies = (
				6FD1FF852AA3618D009DDBF8 /* PBXTargetDependency */,
			);
			name = "Expenses Tracking AppTests";
			productName = "Expenses Tracking AppTests";
			productReference = 6FD1FF832AA3618D009DDBF8 /* Expenses Tracking AppTests.xctest */;
			productType = "com.apple.product-type.bundle.unit-test";
		};
		6FD1FF8C2AA3618D009DDBF8 /* Expenses Tracking AppUITests */ = {
			isa = PBXNativeTarget;
			buildConfigurationList = 6FD1FF9D2AA3618D009DDBF8 /* Build configuration list for PBXNativeTarget "Expenses Tracking AppUITests" */;
			buildPhases = (
				6FD1FF892AA3618D009DDBF8 /* Sources */,
				6FD1FF8A2AA3618D009DDBF8 /* Frameworks */,
				6FD1FF8B2AA3618D009DDBF8 /* Resources */,
			);
			buildRules = (
			);
			dependencies = (
				6FD1FF8F2AA3618D009DDBF8 /* PBXTargetDependency */,
			);
			name = "Expenses Tracking AppUITests";
			productName = "Expenses Tracking AppUITests";
			productReference = 6FD1FF8D2AA3618D009DDBF8 /* Expenses Tracking AppUITests.xctest */;
			productType = "com.apple.product-type.bundle.ui-testing";
		};
/* End PBXNativeTarget section */

/* Begin PBXProject section */
		6FD1FF6B2AA3618B009DDBF8 /* Project object */ = {
			isa = PBXProject;
			attributes = {
				BuildIndependentTargetsInParallel = 1;
				LastSwiftUpdateCheck = 1430;
				LastUpgradeCheck = 1430;
				TargetAttributes = {
					6FD1FF722AA3618B009DDBF8 = {
						CreatedOnToolsVersion = 14.3.1;
					};
					6FD1FF822AA3618D009DDBF8 = {
						CreatedOnToolsVersion = 14.3.1;
						TestTargetID = 6FD1FF722AA3618B009DDBF8;
					};
					6FD1FF8C2AA3618D009DDBF8 = {
						CreatedOnToolsVersion = 14.3.1;
						TestTargetID = 6FD1FF722AA3618B009DDBF8;
					};
				};
			};
			buildConfigurationList = 6FD1FF6E2AA3618B009DDBF8 /* Build configuration list for PBXProject "Expenses Tracking App" */;
			compatibilityVersion = "Xcode 14.0";
			developmentRegion = en;
			hasScannedForEncodings = 0;
			knownRegions = (
				en,
				Base,
			);
			mainGroup = 6FD1FF6A2AA3618B009DDBF8;
			productRefGroup = 6FD1FF742AA3618B009DDBF8 /* Products */;
			projectDirPath = "";
			projectRoot = "";
			targets = (
				6FD1FF722AA3618B009DDBF8 /* Expenses Tracking App */,
				6FD1FF822AA3618D009DDBF8 /* Expenses Tracking AppTests */,
				6FD1FF8C2AA3618D009DDBF8 /* Expenses Tracking AppUITests */,
			);
		};
/* End PBXProject section */

/* Begin PBXResourcesBuildPhase section */
		6FD1FF712AA3618B009DDBF8 /* Resources */ = {
			isa = PBXResourcesBuildPhase;
			buildActionMask = 2147483647;
			files = (
				6FD1FF7E2AA3618D009DDBF8 /* Preview Assets.xcassets in Resources */,
				6FD1FF7B2AA3618D009DDBF8 /* Assets.xcassets in Resources */,
			);
			runOnlyForDeploymentPostprocessing = 0;
		};
		6FD1FF812AA3618D009DDBF8 /* Resources */ = {
			isa = PBXResourcesBuildPhase;
			buildActionMask = 2147483647;
			files = (
			);
			runOnlyForDeploymentPostprocessing = 0;
		};
		6FD1FF8B2AA3618D009DDBF8 /* Resources */ = {
			isa = PBXResourcesBuildPhase;
			buildActionMask = 2147483647;
			files = (
			);
			runOnlyForDeploymentPostprocessing = 0;
		};
/* End PBXResourcesBuildPhase section */

/* Begin PBXSourcesBuildPhase section */
		6FD1FF6F2AA3618B009DDBF8 /* Sources */ = {
			isa = PBXSourcesBuildPhase;
			buildActionMask = 2147483647;
			files = (
				6FD1FF792AA3618B009DDBF8 /* ContentView.swift in Sources */,
				6F7A568D2AAE2E1D00A6EA83 /* LoginModel.swift in Sources */,
				6F027C0C2AB3697200335ADF /* SidebarView.swift in Sources */,
				6F027C002AB367D800335ADF /* DashboardModel.swift in Sources */,
				6F92B2C62AAB593600828BC8 /* RegistrationViewModel.swift in Sources */,
				6FD1FF772AA3618B009DDBF8 /* Expenses_Tracking_AppApp.swift in Sources */,
				6FBF313F2AB0DF9300C6EEAE /* BudgetingViewModel.swift in Sources */,
				6FBF31482AB0E13200C6EEAE /* BudgetCategoryRow.swift in Sources */,
				6F92B2CB2AAB599600828BC8 /* RegistrationView.swift in Sources */,
				6FBF313A2AB0DEF100C6EEAE /* BudgetingModel.swift in Sources */,
				6F027BF62AB3213100335ADF /* ReportsAnalyticsViewModel.swift in Sources */,
				6F7A56A72AAE46A600A6EA83 /* ExpenseTrackingView.swift in Sources */,
				6F027C142AB36BCC00335ADF /* DashboardCard.swift in Sources */,
				6F027C062AB3689A00335ADF /* DashboardViewModel.swift in Sources */,
				6FBF31442AB0E0AA00C6EEAE /* BudgetingView.swift in Sources */,
				6F027BFB2AB3221A00335ADF /* ReportsAnalyticsView.swift in Sources */,
				6F92B2D42AAB5BBE00828BC8 /* RegistrationModel.swift in Sources */,
				6F7A56972AAE2F4E00A6EA83 /* LoginView.swift in Sources */,
				6F027C102AB36A1200335ADF /* DashboardView.swift in Sources */,
				6F7A56922AAE2EB200A6EA83 /* LoginViewModel.swift in Sources */,
				6F7A56A22AAE45AB00A6EA83 /* ExpenseTrackingViewModel.swift in Sources */,
				6F027BF12AB320B300335ADF /* ReportsAnalyticsModel.swift in Sources */,
				6F7A569D2AAE44BB00A6EA83 /* ExpenseTrackingModel.swift in Sources */,
			);
			runOnlyForDeploymentPostprocessing = 0;
		};
		6FD1FF7F2AA3618D009DDBF8 /* Sources */ = {
			isa = PBXSourcesBuildPhase;
			buildActionMask = 2147483647;
			files = (
				6F027C152AB36BCC00335ADF /* DashboardCard.swift in Sources */,
				6FBF31402AB0DF9300C6EEAE /* BudgetingViewModel.swift in Sources */,
				6F7A568E2AAE2E1D00A6EA83 /* LoginModel.swift in Sources */,
				6F7A569E2AAE44BB00A6EA83 /* ExpenseTrackingModel.swift in Sources */,
				6FBF31452AB0E0AA00C6EEAE /* BudgetingView.swift in Sources */,
				6F027C072AB3689A00335ADF /* DashboardViewModel.swift in Sources */,
				6F027BFC2AB3221A00335ADF /* ReportsAnalyticsView.swift in Sources */,
				6F7A56982AAE2F4E00A6EA83 /* LoginView.swift in Sources */,
				6F92B2CC2AAB599600828BC8 /* RegistrationView.swift in Sources */,
				6FBF313B2AB0DEF100C6EEAE /* BudgetingModel.swift in Sources */,
				6F7A56932AAE2EB200A6EA83 /* LoginViewModel.swift in Sources */,
				6F027C112AB36A1200335ADF /* DashboardView.swift in Sources */,
				6FD1FF882AA3618D009DDBF8 /* Expenses_Tracking_AppTests.swift in Sources */,
				6F027C012AB367D800335ADF /* DashboardModel.swift in Sources */,
				6FBF31492AB0E13200C6EEAE /* BudgetCategoryRow.swift in Sources */,
				6F7A56A82AAE46A600A6EA83 /* ExpenseTrackingView.swift in Sources */,
				6F027BF22AB320B300335ADF /* ReportsAnalyticsModel.swift in Sources */,
				6F92B2D52AAB5BBE00828BC8 /* RegistrationModel.swift in Sources */,
				6F027BF72AB3213100335ADF /* ReportsAnalyticsViewModel.swift in Sources */,
				6F027C0D2AB3697200335ADF /* SidebarView.swift in Sources */,
				6F7A56A32AAE45AB00A6EA83 /* ExpenseTrackingViewModel.swift in Sources */,
				6F92B2C72AAB593600828BC8 /* RegistrationViewModel.swift in Sources */,
			);
			runOnlyForDeploymentPostprocessing = 0;
		};
		6FD1FF892AA3618D009DDBF8 /* Sources */ = {
			isa = PBXSourcesBuildPhase;
			buildActionMask = 2147483647;
			files = (
				6FD1FF942AA3618D009DDBF8 /* Expenses_Tracking_AppUITestsLaunchTests.swift in Sources */,
				6F7A568F2AAE2E1D00A6EA83 /* LoginModel.swift in Sources */,
				6F027C0E2AB3697200335ADF /* SidebarView.swift in Sources */,
				6F027C022AB367D800335ADF /* DashboardModel.swift in Sources */,
				6F92B2C82AAB593600828BC8 /* RegistrationViewModel.swift in Sources */,
				6FD1FF922AA3618D009DDBF8 /* Expenses_Tracking_AppUITests.swift in Sources */,
				6FBF31412AB0DF9300C6EEAE /* BudgetingViewModel.swift in Sources */,
				6FBF314A2AB0E13200C6EEAE /* BudgetCategoryRow.swift in Sources */,
				6F92B2CD2AAB599600828BC8 /* RegistrationView.swift in Sources */,
				6FBF313C2AB0DEF100C6EEAE /* BudgetingModel.swift in Sources */,
				6F027BF82AB3213100335ADF /* ReportsAnalyticsViewModel.swift in Sources */,
				6F7A56A92AAE46A600A6EA83 /* ExpenseTrackingView.swift in Sources */,
				6F027C162AB36BCC00335ADF /* DashboardCard.swift in Sources */,
				6F027C082AB3689A00335ADF /* DashboardViewModel.swift in Sources */,
				6FBF31462AB0E0AA00C6EEAE /* BudgetingView.swift in Sources */,
				6F027BFD2AB3221A00335ADF /* ReportsAnalyticsView.swift in Sources */,
				6F92B2D62AAB5BBE00828BC8 /* RegistrationModel.swift in Sources */,
				6F7A56992AAE2F4E00A6EA83 /* LoginView.swift in Sources */,
				6F027C122AB36A1200335ADF /* DashboardView.swift in Sources */,
				6F7A56942AAE2EB200A6EA83 /* LoginViewModel.swift in Sources */,
				6F7A56A42AAE45AB00A6EA83 /* ExpenseTrackingViewModel.swift in Sources */,
				6F027BF32AB320B300335ADF /* ReportsAnalyticsModel.swift in Sources */,
				6F7A569F2AAE44BB00A6EA83 /* ExpenseTrackingModel.swift in Sources */,
			);
			runOnlyForDeploymentPostprocessing = 0;
		};
/* End PBXSourcesBuildPhase section */

/* Begin PBXTargetDependency section */
		6FD1FF852AA3618D009DDBF8 /* PBXTargetDependency */ = {
			isa = PBXTargetDependency;
			target = 6FD1FF722AA3618B009DDBF8 /* Expenses Tracking App */;
			targetProxy = 6FD1FF842AA3618D009DDBF8 /* PBXContainerItemProxy */;
		};
		6FD1FF8F2AA3618D009DDBF8 /* PBXTargetDependency */ = {
			isa = PBXTargetDependency;
			target = 6FD1FF722AA3618B009DDBF8 /* Expenses Tracking App */;
			targetProxy = 6FD1FF8E2AA3618D009DDBF8 /* PBXContainerItemProxy */;
		};
/* End PBXTargetDependency section */

/* Begin XCBuildConfiguration section */
		6FD1FF952AA3618D009DDBF8 /* Debug */ = {
			isa = XCBuildConfiguration;
			buildSettings = {
				ALWAYS_SEARCH_USER_PATHS = NO;
				CLANG_ANALYZER_NONNULL = YES;
				CLANG_ANALYZER_NUMBER_OBJECT_CONVERSION = YES_AGGRESSIVE;
				CLANG_CXX_LANGUAGE_STANDARD = "gnu++20";
				CLANG_ENABLE_MODULES = YES;
				CLANG_ENABLE_OBJC_ARC = YES;
				CLANG_ENABLE_OBJC_WEAK = YES;
				CLANG_WARN_BLOCK_CAPTURE_AUTORELEASING = YES;
				CLANG_WARN_BOOL_CONVERSION = YES;
				CLANG_WARN_COMMA = YES;
				CLANG_WARN_CONSTANT_CONVERSION = YES;
				CLANG_WARN_DEPRECATED_OBJC_IMPLEMENTATIONS = YES;
				CLANG_WARN_DIRECT_OBJC_ISA_USAGE = YES_ERROR;
				CLANG_WARN_DOCUMENTATION_COMMENTS = YES;
				CLANG_WARN_EMPTY_BODY = YES;
				CLANG_WARN_ENUM_CONVERSION = YES;
				CLANG_WARN_INFINITE_RECURSION = YES;
				CLANG_WARN_INT_CONVERSION = YES;
				CLANG_WARN_NON_LITERAL_NULL_CONVERSION = YES;
				CLANG_WARN_OBJC_IMPLICIT_RETAIN_SELF = YES;
				CLANG_WARN_OBJC_LITERAL_CONVERSION = YES;
				CLANG_WARN_OBJC_ROOT_CLASS = YES_ERROR;
				CLANG_WARN_QUOTED_INCLUDE_IN_FRAMEWORK_HEADER = YES;
				CLANG_WARN_RANGE_LOOP_ANALYSIS = YES;
				CLANG_WARN_STRICT_PROTOTYPES = YES;
				CLANG_WARN_SUSPICIOUS_MOVE = YES;
				CLANG_WARN_UNGUARDED_AVAILABILITY = YES_AGGRESSIVE;
				CLANG_WARN_UNREACHABLE_CODE = YES;
				CLANG_WARN__DUPLICATE_METHOD_MATCH = YES;
				COPY_PHASE_STRIP = NO;
				DEBUG_INFORMATION_FORMAT = dwarf;
				ENABLE_STRICT_OBJC_MSGSEND = YES;
				ENABLE_TESTABILITY = YES;
				GCC_C_LANGUAGE_STANDARD = gnu11;
				GCC_DYNAMIC_NO_PIC = NO;
				GCC_NO_COMMON_BLOCKS = YES;
				GCC_OPTIMIZATION_LEVEL = 0;
				GCC_PREPROCESSOR_DEFINITIONS = (
					"DEBUG=1",
					"$(inherited)",
				);
				GCC_WARN_64_TO_32_BIT_CONVERSION = YES;
				GCC_WARN_ABOUT_RETURN_TYPE = YES_ERROR;
				GCC_WARN_UNDECLARED_SELECTOR = YES;
				GCC_WARN_UNINITIALIZED_AUTOS = YES_AGGRESSIVE;
				GCC_WARN_UNUSED_FUNCTION = YES;
				GCC_WARN_UNUSED_VARIABLE = YES;
				IPHONEOS_DEPLOYMENT_TARGET = 16.4;
				MTL_ENABLE_DEBUG_INFO = INCLUDE_SOURCE;
				MTL_FAST_MATH = YES;
				ONLY_ACTIVE_ARCH = YES;
				SDKROOT = iphoneos;
				SWIFT_ACTIVE_COMPILATION_CONDITIONS = DEBUG;
				SWIFT_OPTIMIZATION_LEVEL = "-Onone";
			};
			name = Debug;
		};
		6FD1FF962AA3618D009DDBF8 /* Release */ = {
			isa = XCBuildConfiguration;
			buildSettings = {
				ALWAYS_SEARCH_USER_PATHS = NO;
				CLANG_ANALYZER_NONNULL = YES;
				CLANG_ANALYZER_NUMBER_OBJECT_CONVERSION = YES_AGGRESSIVE;
				CLANG_CXX_LANGUAGE_STANDARD = "gnu++20";
				CLANG_ENABLE_MODULES = YES;
				CLANG_ENABLE_OBJC_ARC = YES;
				CLANG_ENABLE_OBJC_WEAK = YES;
				CLANG_WARN_BLOCK_CAPTURE_AUTORELEASING = YES;
				CLANG_WARN_BOOL_CONVERSION = YES;
				CLANG_WARN_COMMA = YES;
				CLANG_WARN_CONSTANT_CONVERSION = YES;
				CLANG_WARN_DEPRECATED_OBJC_IMPLEMENTATIONS = YES;
				CLANG_WARN_DIRECT_OBJC_ISA_USAGE = YES_ERROR;
				CLANG_WARN_DOCUMENTATION_COMMENTS = YES;
				CLANG_WARN_EMPTY_BODY = YES;
				CLANG_WARN_ENUM_CONVERSION = YES;
				CLANG_WARN_INFINITE_RECURSION = YES;
				CLANG_WARN_INT_CONVERSION = YES;
				CLANG_WARN_NON_LITERAL_NULL_CONVERSION = YES;
				CLANG_WARN_OBJC_IMPLICIT_RETAIN_SELF = YES;
				CLANG_WARN_OBJC_LITERAL_CONVERSION = YES;
				CLANG_WARN_OBJC_ROOT_CLASS = YES_ERROR;
				CLANG_WARN_QUOTED_INCLUDE_IN_FRAMEWORK_HEADER = YES;
				CLANG_WARN_RANGE_LOOP_ANALYSIS = YES;
				CLANG_WARN_STRICT_PROTOTYPES = YES;
				CLANG_WARN_SUSPICIOUS_MOVE = YES;
				CLANG_WARN_UNGUARDED_AVAILABILITY = YES_AGGRESSIVE;
				CLANG_WARN_UNREACHABLE_CODE = YES;
				CLANG_WARN__DUPLICATE_METHOD_MATCH = YES;
				COPY_PHASE_STRIP = NO;
				DEBUG_INFORMATION_FORMAT = "dwarf-with-dsym";
				ENABLE_NS_ASSERTIONS = NO;
				ENABLE_STRICT_OBJC_MSGSEND = YES;
				GCC_C_LANGUAGE_STANDARD = gnu11;
				GCC_NO_COMMON_BLOCKS = YES;
				GCC_WARN_64_TO_32_BIT_CONVERSION = YES;
				GCC_WARN_ABOUT_RETURN_TYPE = YES_ERROR;
				GCC_WARN_UNDECLARED_SELECTOR = YES;
				GCC_WARN_UNINITIALIZED_AUTOS = YES_AGGRESSIVE;
				GCC_WARN_UNUSED_FUNCTION = YES;
				GCC_WARN_UNUSED_VARIABLE = YES;
				IPHONEOS_DEPLOYMENT_TARGET = 16.4;
				MTL_ENABLE_DEBUG_INFO = NO;
				MTL_FAST_MATH = YES;
				SDKROOT = iphoneos;
				SWIFT_COMPILATION_MODE = wholemodule;
				SWIFT_OPTIMIZATION_LEVEL = "-O";
				VALIDATE_PRODUCT = YES;
			};
			name = Release;
		};
		6FD1FF982AA3618D009DDBF8 /* Debug */ = {
			isa = XCBuildConfiguration;
			buildSettings = {
				ASSETCATALOG_COMPILER_APPICON_NAME = AppIcon;
				ASSETCATALOG_COMPILER_GLOBAL_ACCENT_COLOR_NAME = AccentColor;
				CODE_SIGN_STYLE = Automatic;
				CURRENT_PROJECT_VERSION = 1;
				DEVELOPMENT_ASSET_PATHS = "\"Expenses Tracking App/Preview Content\"";
				ENABLE_PREVIEWS = YES;
				GENERATE_INFOPLIST_FILE = YES;
				INFOPLIST_KEY_UIApplicationSceneManifest_Generation = YES;
				INFOPLIST_KEY_UIApplicationSupportsIndirectInputEvents = YES;
				INFOPLIST_KEY_UILaunchScreen_Generation = YES;
				INFOPLIST_KEY_UISupportedInterfaceOrientations_iPad = "UIInterfaceOrientationPortrait UIInterfaceOrientationPortraitUpsideDown UIInterfaceOrientationLandscapeLeft UIInterfaceOrientationLandscapeRight";
				INFOPLIST_KEY_UISupportedInterfaceOrientations_iPhone = "UIInterfaceOrientationPortrait UIInterfaceOrientationLandscapeLeft UIInterfaceOrientationLandscapeRight";
				LD_RUNPATH_SEARCH_PATHS = (
					"$(inherited)",
					"@executable_path/Frameworks",
				);
				MARKETING_VERSION = 1.0;
				PRODUCT_BUNDLE_IDENTIFIER = "IOS-Test-Codes.Expenses-Tracking-App";
				PRODUCT_NAME = "$(TARGET_NAME)";
				SWIFT_EMIT_LOC_STRINGS = YES;
				SWIFT_VERSION = 5.0;
				TARGETED_DEVICE_FAMILY = "1,2";
			};
			name = Debug;
		};
		6FD1FF992AA3618D009DDBF8 /* Release */ = {
			isa = XCBuildConfiguration;
			buildSettings = {
				ASSETCATALOG_COMPILER_APPICON_NAME = AppIcon;
				ASSETCATALOG_COMPILER_GLOBAL_ACCENT_COLOR_NAME = AccentColor;
				CODE_SIGN_STYLE = Automatic;
				CURRENT_PROJECT_VERSION = 1;
				DEVELOPMENT_ASSET_PATHS = "\"Expenses Tracking App/Preview Content\"";
				ENABLE_PREVIEWS = YES;
				GENERATE_INFOPLIST_FILE = YES;
				INFOPLIST_KEY_UIApplicationSceneManifest_Generation = YES;
				INFOPLIST_KEY_UIApplicationSupportsIndirectInputEvents = YES;
				INFOPLIST_KEY_UILaunchScreen_Generation = YES;
				INFOPLIST_KEY_UISupportedInterfaceOrientations_iPad = "UIInterfaceOrientationPortrait UIInterfaceOrientationPortraitUpsideDown UIInterfaceOrientationLandscapeLeft UIInterfaceOrientationLandscapeRight";
				INFOPLIST_KEY_UISupportedInterfaceOrientations_iPhone = "UIInterfaceOrientationPortrait UIInterfaceOrientationLandscapeLeft UIInterfaceOrientationLandscapeRight";
				LD_RUNPATH_SEARCH_PATHS = (
					"$(inherited)",
					"@executable_path/Frameworks",
				);
				MARKETING_VERSION = 1.0;
				PRODUCT_BUNDLE_IDENTIFIER = "IOS-Test-Codes.Expenses-Tracking-App";
				PRODUCT_NAME = "$(TARGET_NAME)";
				SWIFT_EMIT_LOC_STRINGS = YES;
				SWIFT_VERSION = 5.0;
				TARGETED_DEVICE_FAMILY = "1,2";
			};
			name = Release;
		};
		6FD1FF9B2AA3618D009DDBF8 /* Debug */ = {
			isa = XCBuildConfiguration;
			buildSettings = {
				ALWAYS_EMBED_SWIFT_STANDARD_LIBRARIES = YES;
				BUNDLE_LOADER = "$(TEST_HOST)";
				CODE_SIGN_STYLE = Automatic;
				CURRENT_PROJECT_VERSION = 1;
				GENERATE_INFOPLIST_FILE = YES;
				IPHONEOS_DEPLOYMENT_TARGET = 16.4;
				MARKETING_VERSION = 1.0;
				PRODUCT_BUNDLE_IDENTIFIER = "IOS-Test-Codes.Expenses-Tracking-AppTests";
				PRODUCT_NAME = "$(TARGET_NAME)";
				SWIFT_EMIT_LOC_STRINGS = NO;
				SWIFT_VERSION = 5.0;
				TARGETED_DEVICE_FAMILY = "1,2";
				TEST_HOST = "$(BUILT_PRODUCTS_DIR)/Expenses Tracking App.app/$(BUNDLE_EXECUTABLE_FOLDER_PATH)/Expenses Tracking App";
			};
			name = Debug;
		};
		6FD1FF9C2AA3618D009DDBF8 /* Release */ = {
			isa = XCBuildConfiguration;
			buildSettings = {
				ALWAYS_EMBED_SWIFT_STANDARD_LIBRARIES = YES;
				BUNDLE_LOADER = "$(TEST_HOST)";
				CODE_SIGN_STYLE = Automatic;
				CURRENT_PROJECT_VERSION = 1;
				GENERATE_INFOPLIST_FILE = YES;
				IPHONEOS_DEPLOYMENT_TARGET = 16.4;
				MARKETING_VERSION = 1.0;
				PRODUCT_BUNDLE_IDENTIFIER = "IOS-Test-Codes.Expenses-Tracking-AppTests";
				PRODUCT_NAME = "$(TARGET_NAME)";
				SWIFT_EMIT_LOC_STRINGS = NO;
				SWIFT_VERSION = 5.0;
				TARGETED_DEVICE_FAMILY = "1,2";
				TEST_HOST = "$(BUILT_PRODUCTS_DIR)/Expenses Tracking App.app/$(BUNDLE_EXECUTABLE_FOLDER_PATH)/Expenses Tracking App";
			};
			name = Release;
		};
		6FD1FF9E2AA3618D009DDBF8 /* Debug */ = {
			isa = XCBuildConfiguration;
			buildSettings = {
				ALWAYS_EMBED_SWIFT_STANDARD_LIBRARIES = YES;
				CODE_SIGN_STYLE = Automatic;
				CURRENT_PROJECT_VERSION = 1;
				GENERATE_INFOPLIST_FILE = YES;
				MARKETING_VERSION = 1.0;
				PRODUCT_BUNDLE_IDENTIFIER = "IOS-Test-Codes.Expenses-Tracking-AppUITests";
				PRODUCT_NAME = "$(TARGET_NAME)";
				SWIFT_EMIT_LOC_STRINGS = NO;
				SWIFT_VERSION = 5.0;
				TARGETED_DEVICE_FAMILY = "1,2";
				TEST_TARGET_NAME = "Expenses Tracking App";
			};
			name = Debug;
		};
		6FD1FF9F2AA3618D009DDBF8 /* Release */ = {
			isa = XCBuildConfiguration;
			buildSettings = {
				ALWAYS_EMBED_SWIFT_STANDARD_LIBRARIES = YES;
				CODE_SIGN_STYLE = Automatic;
				CURRENT_PROJECT_VERSION = 1;
				GENERATE_INFOPLIST_FILE = YES;
				MARKETING_VERSION = 1.0;
				PRODUCT_BUNDLE_IDENTIFIER = "IOS-Test-Codes.Expenses-Tracking-AppUITests";
				PRODUCT_NAME = "$(TARGET_NAME)";
				SWIFT_EMIT_LOC_STRINGS = NO;
				SWIFT_VERSION = 5.0;
				TARGETED_DEVICE_FAMILY = "1,2";
				TEST_TARGET_NAME = "Expenses Tracking App";
			};
			name = Release;
		};
/* End XCBuildConfiguration section */

/* Begin XCConfigurationList section */
		6FD1FF6E2AA3618B009DDBF8 /* Build configuration list for PBXProject "Expenses Tracking App" */ = {
			isa = XCConfigurationList;
			buildConfigurations = (
				6FD1FF952AA3618D009DDBF8 /* Debug */,
				6FD1FF962AA3618D009DDBF8 /* Release */,
			);
			defaultConfigurationIsVisible = 0;
			defaultConfigurationName = Release;
		};
		6FD1FF972AA3618D009DDBF8 /* Build configuration list for PBXNativeTarget "Expenses Tracking App" */ = {
			isa = XCConfigurationList;
			buildConfigurations = (
				6FD1FF982AA3618D009DDBF8 /* Debug */,
				6FD1FF992AA3618D009DDBF8 /* Release */,
			);
			defaultConfigurationIsVisible = 0;
			defaultConfigurationName = Release;
		};
		6FD1FF9A2AA3618D009DDBF8 /* Build configuration list for PBXNativeTarget "Expenses Tracking AppTests" */ = {
			isa = XCConfigurationList;
			buildConfigurations = (
				6FD1FF9B2AA3618D009DDBF8 /* Debug */,
				6FD1FF9C2AA3618D009DDBF8 /* Release */,
			);
			defaultConfigurationIsVisible = 0;
			defaultConfigurationName = Release;
		};
		6FD1FF9D2AA3618D009DDBF8 /* Build configuration list for PBXNativeTarget "Expenses Tracking AppUITests" */ = {
			isa = XCConfigurationList;
			buildConfigurations = (
				6FD1FF9E2AA3618D009DDBF8 /* Debug */,
				6FD1FF9F2AA3618D009DDBF8 /* Release */,
			);
			defaultConfigurationIsVisible = 0;
			defaultConfigurationName = Release;
		};
/* End XCConfigurationList section */
	};
	rootObject = 6FD1FF6B2AA3618B009DDBF8 /* Project object */;
}
